
Microsoft Visual Studio Solution File, Format Version 12.00
# Visual Studio Version 17
VisualStudioVersion = 17.3.32825.248
MinimumVisualStudioVersion = 10.0.40219.1
Project("{FAE04EC0-301F-11D3-BF4B-00C04F79EFBC}") = "WEB_053502_Selhanovich", "WEB_053502_Selhanovich.csproj", "{539774D6-6A1A-41F4-8EEB-B409DA1FC2DB}"
EndProject
Global
	GlobalSection(SolutionConfigurationPlatforms) = preSolution
		Debug|Any CPU = Debug|Any CPU
		Release|Any CPU = Release|Any CPU
	EndGlobalSection
	GlobalSection(ProjectConfigurationPlatforms) = postSolution
		{539774D6-6A1A-41F4-8EEB-B409DA1FC2DB}.Debug|Any CPU.ActiveCfg = Debug|Any CPU
		{539774D6-6A1A-41F4-8EEB-B409DA1FC2DB}.Debug|Any CPU.Build.0 = Debug|Any CPU
		{539774D6-6A1A-41F4-8EEB-B409DA1FC2DB}.Release|Any CPU.ActiveCfg = Release|Any CPU
		{539774D6-6A1A-41F4-8EEB-B409DA1FC2DB}.Release|Any CPU.Build.0 = Release|Any CPU
	EndGlobalSection
	GlobalSection(SolutionProperties) = preSolution
		HideSolutionNode = FALSE
	EndGlobalSection
	GlobalSection(ExtensibilityGlobals) = postSolution
		SolutionGuid = {FE057EAA-F8FD-470E-AE93-79606177D317}
	EndGlobalSection
EndGlobal
